{
  "requires": true,
  "lockfileVersion": 1,
  "dependencies": {
    "react-hook-form": {
      "version": "6.11.3",
      "resolved": "https://registry.npmjs.org/react-hook-form/-/react-hook-form-6.11.3.tgz",
      "integrity": "sha512-RWBQ2FdCI6B247hna8LM1oPThvZiGM8wJkTTOLHRHhSBgD5JrTBYOrteLRo7qKXP9CdVYSAK1kjPs1JCqeWb3g=="
    }
  }
}
